{
  "nodes": {
    "haskell": {
      "locked": {
        "lastModified": 1603070110,
        "narHash": "sha256-O558hnWuthZs7p8Ghjx7B/ycHUA4mk/RwV8Tecvjkrw=",
        "owner": "input-output-hk",
        "repo": "haskell.nix",
        "rev": "58e5214901dc3e5220a6f5875b11521cfa8c1a35",
        "type": "github"
      },
      "original": {
        "owner": "input-output-hk",
        "repo": "haskell.nix",
        "type": "github"
      }
    },
    "nixpkgs": {
      "locked": {
        "lastModified": 1602583230,
        "narHash": "sha256-e3ia4cyTihIfBIwwWX8rjvpL2MExWxzbsySb5K39Mng=",
        "owner": "NixOS",
        "repo": "nixpkgs",
        "rev": "d3784204ba1a6bbb0c0ebf89b706bda50c113112",
        "type": "github"
      },
      "original": {
        "owner": "NixOS",
        "ref": "nixos-20.03",
        "repo": "nixpkgs",
        "type": "github"
      }
    },
    "root": {
      "inputs": {
        "haskell": "haskell",
        "nixpkgs": "nixpkgs"
      }
    }
  },
  "root": "root",
  "version": 7
}
